
Microsoft Visual Studio Solution File, Format Version 12.00
# Visual Studio 2013
VisualStudioVersion = 12.0.21005.1
MinimumVisualStudioVersion = 10.0.40219.1
Project("{FAE04EC0-301F-11D3-BF4B-00C04F79EFBC}") = "crane.core", "crane.core\crane.core.csproj", "{064704F3-134F-4E27-8A80-6D6F8420F17E}"
EndProject
Project("{FAE04EC0-301F-11D3-BF4B-00C04F79EFBC}") = "crane.core.tests", "crane.core.tests\crane.core.tests.csproj", "{2ECAB7EA-6E22-4AC3-9B39-41D4748F7E80}"
EndProject
Global
	GlobalSection(SolutionConfigurationPlatforms) = preSolution
		Debug|Any CPU = Debug|Any CPU
		Release|Any CPU = Release|Any CPU
	EndGlobalSection
	GlobalSection(ProjectConfigurationPlatforms) = postSolution
		{064704F3-134F-4E27-8A80-6D6F8420F17E}.Debug|Any CPU.ActiveCfg = Debug|Any CPU
		{064704F3-134F-4E27-8A80-6D6F8420F17E}.Debug|Any CPU.Build.0 = Debug|Any CPU
		{064704F3-134F-4E27-8A80-6D6F8420F17E}.Release|Any CPU.ActiveCfg = Release|Any CPU
		{064704F3-134F-4E27-8A80-6D6F8420F17E}.Release|Any CPU.Build.0 = Release|Any CPU
		{2ECAB7EA-6E22-4AC3-9B39-41D4748F7E80}.Debug|Any CPU.ActiveCfg = Debug|Any CPU
		{2ECAB7EA-6E22-4AC3-9B39-41D4748F7E80}.Debug|Any CPU.Build.0 = Debug|Any CPU
		{2ECAB7EA-6E22-4AC3-9B39-41D4748F7E80}.Release|Any CPU.ActiveCfg = Release|Any CPU
		{2ECAB7EA-6E22-4AC3-9B39-41D4748F7E80}.Release|Any CPU.Build.0 = Release|Any CPU
	EndGlobalSection
	GlobalSection(SolutionProperties) = preSolution
		HideSolutionNode = FALSE
	EndGlobalSection
EndGlobal
